
Microsoft Visual Studio Solution File, Format Version 12.00
# Visual Studio 15
VisualStudioVersion = 15.0.28307.271
MinimumVisualStudioVersion = 10.0.40219.1
Project("{9A19103F-16F7-4668-BE54-9A1E7A4F7556}") = "Jaeger.Tutorial.AkkaApp", "Jaeger.Tutorial.AkkaApp\Jaeger.Tutorial.AkkaApp.csproj", "{7B69C86B-BF2F-4D18-8247-9BEC260E5EDB}"
EndProject
Global
	GlobalSection(SolutionConfigurationPlatforms) = preSolution
		Debug|Any CPU = Debug|Any CPU
		Release|Any CPU = Release|Any CPU
	EndGlobalSection
	GlobalSection(ProjectConfigurationPlatforms) = postSolution
		{7B69C86B-BF2F-4D18-8247-9BEC260E5EDB}.Debug|Any CPU.ActiveCfg = Debug|Any CPU
		{7B69C86B-BF2F-4D18-8247-9BEC260E5EDB}.Debug|Any CPU.Build.0 = Debug|Any CPU
		{7B69C86B-BF2F-4D18-8247-9BEC260E5EDB}.Release|Any CPU.ActiveCfg = Release|Any CPU
		{7B69C86B-BF2F-4D18-8247-9BEC260E5EDB}.Release|Any CPU.Build.0 = Release|Any CPU
	EndGlobalSection
	GlobalSection(SolutionProperties) = preSolution
		HideSolutionNode = FALSE
	EndGlobalSection
	GlobalSection(ExtensibilityGlobals) = postSolution
		SolutionGuid = {2ACF76AA-019B-4E32-8529-E240E7015D1C}
	EndGlobalSection
EndGlobal
